
Microsoft Visual Studio Solution File, Format Version 12.00
# Visual Studio Version 17
VisualStudioVersion = 17.5.002.0
MinimumVisualStudioVersion = 10.0.40219.1
Project("{9A19103F-16F7-4668-BE54-9A1E7A4F7556}") = "TurnosLaM", "TurnosLaM.csproj", "{EC7055B0-D2A4-49A0-B0E0-0BFA3795A555}"
EndProject
Global
	GlobalSection(SolutionConfigurationPlatforms) = preSolution
		Debug|Any CPU = Debug|Any CPU
		Release|Any CPU = Release|Any CPU
	EndGlobalSection
	GlobalSection(ProjectConfigurationPlatforms) = postSolution
		{EC7055B0-D2A4-49A0-B0E0-0BFA3795A555}.Debug|Any CPU.ActiveCfg = Debug|Any CPU
		{EC7055B0-D2A4-49A0-B0E0-0BFA3795A555}.Debug|Any CPU.Build.0 = Debug|Any CPU
		{EC7055B0-D2A4-49A0-B0E0-0BFA3795A555}.Release|Any CPU.ActiveCfg = Release|Any CPU
		{EC7055B0-D2A4-49A0-B0E0-0BFA3795A555}.Release|Any CPU.Build.0 = Release|Any CPU
	EndGlobalSection
	GlobalSection(SolutionProperties) = preSolution
		HideSolutionNode = FALSE
	EndGlobalSection
	GlobalSection(ExtensibilityGlobals) = postSolution
		SolutionGuid = {91E20D0C-8D6E-48C0-9F93-85301C1E463A}
	EndGlobalSection
EndGlobal
